
Microsoft Visual Studio Solution File, Format Version 12.00
# Visual Studio Version 16
VisualStudioVersion = 16.0.31624.102
MinimumVisualStudioVersion = 10.0.40219.1
Project("{8BC9CEB8-8B4A-11D0-8D11-00A0C91BC942}") = "seasons", "seasons\seasons.vcxproj", "{F939DAB7-5CDD-4CFE-910D-9E33D223EC0B}"
EndProject
Global
	GlobalSection(SolutionConfigurationPlatforms) = preSolution
		Debug|x64 = Debug|x64
		Debug|x86 = Debug|x86
		Release|x64 = Release|x64
		Release|x86 = Release|x86
	EndGlobalSection
	GlobalSection(ProjectConfigurationPlatforms) = postSolution
		{F939DAB7-5CDD-4CFE-910D-9E33D223EC0B}.Debug|x64.ActiveCfg = Debug|x64
		{F939DAB7-5CDD-4CFE-910D-9E33D223EC0B}.Debug|x64.Build.0 = Debug|x64
		{F939DAB7-5CDD-4CFE-910D-9E33D223EC0B}.Debug|x86.ActiveCfg = Debug|Win32
		{F939DAB7-5CDD-4CFE-910D-9E33D223EC0B}.Debug|x86.Build.0 = Debug|Win32
		{F939DAB7-5CDD-4CFE-910D-9E33D223EC0B}.Release|x64.ActiveCfg = Release|x64
		{F939DAB7-5CDD-4CFE-910D-9E33D223EC0B}.Release|x64.Build.0 = Release|x64
		{F939DAB7-5CDD-4CFE-910D-9E33D223EC0B}.Release|x86.ActiveCfg = Release|Win32
		{F939DAB7-5CDD-4CFE-910D-9E33D223EC0B}.Release|x86.Build.0 = Release|Win32
	EndGlobalSection
	GlobalSection(SolutionProperties) = preSolution
		HideSolutionNode = FALSE
	EndGlobalSection
	GlobalSection(ExtensibilityGlobals) = postSolution
		SolutionGuid = {28C75D3F-A918-4F8B-8AEA-A80D2672A074}
	EndGlobalSection
EndGlobal
